
Microsoft Visual Studio Solution File, Format Version 12.00
# Visual Studio Version 16
VisualStudioVersion = 16.0.30128.74
MinimumVisualStudioVersion = 10.0.40219.1
Project("{F184B08F-C81C-45F6-A57F-5ABD9991F28F}") = "StringManipulation", "StringManipulation.vbproj", "{99C3F104-424C-41E6-8F2F-E735D32A8877}"
EndProject
Global
	GlobalSection(SolutionConfigurationPlatforms) = preSolution
		Debug|Any CPU = Debug|Any CPU
		Release|Any CPU = Release|Any CPU
	EndGlobalSection
	GlobalSection(ProjectConfigurationPlatforms) = postSolution
		{99C3F104-424C-41E6-8F2F-E735D32A8877}.Debug|Any CPU.ActiveCfg = Debug|Any CPU
		{99C3F104-424C-41E6-8F2F-E735D32A8877}.Debug|Any CPU.Build.0 = Debug|Any CPU
		{99C3F104-424C-41E6-8F2F-E735D32A8877}.Release|Any CPU.ActiveCfg = Release|Any CPU
		{99C3F104-424C-41E6-8F2F-E735D32A8877}.Release|Any CPU.Build.0 = Release|Any CPU
	EndGlobalSection
	GlobalSection(SolutionProperties) = preSolution
		HideSolutionNode = FALSE
	EndGlobalSection
	GlobalSection(ExtensibilityGlobals) = postSolution
		SolutionGuid = {FC33235E-9BAC-4844-81F4-D718311C70EC}
	EndGlobalSection
EndGlobal
